
Microsoft Visual Studio Solution File, Format Version 12.00
# Visual Studio Version 17
VisualStudioVersion = 17.9.34616.47
MinimumVisualStudioVersion = 10.0.40219.1
Project("{9A19103F-16F7-4668-BE54-9A1E7A4F7556}") = "EmailClient", "EmailClient\EmailClient.csproj", "{FDAC94F5-7402-409B-8A6A-275AD40A96B5}"
EndProject
Project("{9A19103F-16F7-4668-BE54-9A1E7A4F7556}") = "EmailServer", "EmailServer\EmailServer.csproj", "{DE692A27-7594-4B8B-8AEA-7362721334E3}"
EndProject
Global
	GlobalSection(SolutionConfigurationPlatforms) = preSolution
		Debug|Any CPU = Debug|Any CPU
		Release|Any CPU = Release|Any CPU
	EndGlobalSection
	GlobalSection(ProjectConfigurationPlatforms) = postSolution
		{FDAC94F5-7402-409B-8A6A-275AD40A96B5}.Debug|Any CPU.ActiveCfg = Debug|Any CPU
		{FDAC94F5-7402-409B-8A6A-275AD40A96B5}.Debug|Any CPU.Build.0 = Debug|Any CPU
		{FDAC94F5-7402-409B-8A6A-275AD40A96B5}.Release|Any CPU.ActiveCfg = Release|Any CPU
		{FDAC94F5-7402-409B-8A6A-275AD40A96B5}.Release|Any CPU.Build.0 = Release|Any CPU
		{DE692A27-7594-4B8B-8AEA-7362721334E3}.Debug|Any CPU.ActiveCfg = Debug|Any CPU
		{DE692A27-7594-4B8B-8AEA-7362721334E3}.Debug|Any CPU.Build.0 = Debug|Any CPU
		{DE692A27-7594-4B8B-8AEA-7362721334E3}.Release|Any CPU.ActiveCfg = Release|Any CPU
		{DE692A27-7594-4B8B-8AEA-7362721334E3}.Release|Any CPU.Build.0 = Release|Any CPU
	EndGlobalSection
	GlobalSection(SolutionProperties) = preSolution
		HideSolutionNode = FALSE
	EndGlobalSection
	GlobalSection(ExtensibilityGlobals) = postSolution
		SolutionGuid = {B7D6FDF8-49FE-40F0-9D12-7B5B23E95E9E}
	EndGlobalSection
EndGlobal
